
Microsoft Visual Studio Solution File, Format Version 12.00
# Visual Studio 15
Project("{FAE04EC0-301F-11D3-BF4B-00C04F79EFBC}") = "Unity.Timeline", "Unity.Timeline.csproj", "{DB7D0500-4C48-86B2-8BEE-DF10F87A79FF}"
EndProject
Project("{FAE04EC0-301F-11D3-BF4B-00C04F79EFBC}") = "Unity.ShaderGraph.Editor", "Unity.ShaderGraph.Editor.csproj", "{F2D0A36D-D7C3-14FF-AAA3-6C644E035655}"
EndProject
Project("{FAE04EC0-301F-11D3-BF4B-00C04F79EFBC}") = "Unity.PlasticSCM.Editor", "Unity.PlasticSCM.Editor.csproj", "{A31AF13A-6EA1-DF57-547C-21CFCB4F4B58}"
EndProject
Project("{FAE04EC0-301F-11D3-BF4B-00C04F79EFBC}") = "Unity.RenderPipelines.Core.Runtime", "Unity.RenderPipelines.Core.Runtime.csproj", "{C0AAF3AE-F051-40B3-E376-2F51E7A61A82}"
EndProject
Project("{FAE04EC0-301F-11D3-BF4B-00C04F79EFBC}") = "Unity.Mathematics", "Unity.Mathematics.csproj", "{5A878FF5-9AC2-A1D2-C7B7-14E31B7BA002}"
EndProject
Project("{FAE04EC0-301F-11D3-BF4B-00C04F79EFBC}") = "Unity.Timeline.Editor", "Unity.Timeline.Editor.csproj", "{803E32BC-6481-95D9-6C7A-185DB62188BF}"
EndProject
Project("{FAE04EC0-301F-11D3-BF4B-00C04F79EFBC}") = "Unity.RenderPipelines.Core.Editor", "Unity.RenderPipelines.Core.Editor.csproj", "{F19E0DB8-2D9D-8AD3-1CF6-F6F29293292D}"
EndProject
Project("{FAE04EC0-301F-11D3-BF4B-00C04F79EFBC}") = "UnityEngine.UI", "UnityEngine.UI.csproj", "{C6D94594-2E0B-2D4D-4241-1BC9ACBEBE03}"
EndProject
Project("{FAE04EC0-301F-11D3-BF4B-00C04F79EFBC}") = "Unity.RenderPipelines.Universal.2D.Runtime", "Unity.RenderPipelines.Universal.2D.Runtime.csproj", "{C35F78DA-4429-0A1A-C71E-19D4707692F6}"
EndProject
Project("{FAE04EC0-301F-11D3-BF4B-00C04F79EFBC}") = "Unity.VisualScripting.Core.Editor", "Unity.VisualScripting.Core.Editor.csproj", "{3A5F679D-DF4B-660C-6CF7-820C05C0B441}"
EndProject
Project("{FAE04EC0-301F-11D3-BF4B-00C04F79EFBC}") = "Unity.RenderPipelines.Universal.Editor", "Unity.RenderPipelines.Universal.Editor.csproj", "{468338FB-0457-5D63-6D61-20566E783463}"
EndProject
Project("{FAE04EC0-301F-11D3-BF4B-00C04F79EFBC}") = "UnityEngine.TestRunner", "UnityEngine.TestRunner.csproj", "{F5E950BD-4115-3B83-4982-47FC709E8CD1}"
EndProject
Project("{FAE04EC0-301F-11D3-BF4B-00C04F79EFBC}") = "Unity.Splines.Editor", "Unity.Splines.Editor.csproj", "{90F485FF-1094-A161-4650-DCB53221915F}"
EndProject
Project("{FAE04EC0-301F-11D3-BF4B-00C04F79EFBC}") = "Unity.Burst", "Unity.Burst.csproj", "{6C10204E-E628-AC91-E67C-ED53304D2AF8}"
EndProject
Project("{FAE04EC0-301F-11D3-BF4B-00C04F79EFBC}") = "Unity.VisualScripting.Flow.Editor", "Unity.VisualScripting.Flow.Editor.csproj", "{C33A0A3B-8EBA-246B-0871-0912C4516574}"
EndProject
Project("{FAE04EC0-301F-11D3-BF4B-00C04F79EFBC}") = "Cinemachine", "Cinemachine.csproj", "{FCF3D052-5764-D205-56D8-BA3EF66BA42B}"
EndProject
Project("{FAE04EC0-301F-11D3-BF4B-00C04F79EFBC}") = "Unity.VisualStudio.Editor", "Unity.VisualStudio.Editor.csproj", "{3413A50E-2C4D-E7C0-32AF-F3BD57BE7E54}"
EndProject
Project("{FAE04EC0-301F-11D3-BF4B-00C04F79EFBC}") = "Unity.InputSystem", "Unity.InputSystem.csproj", "{4F4BEA49-94BC-03D2-D656-00DBAE853463}"
EndProject
Project("{FAE04EC0-301F-11D3-BF4B-00C04F79EFBC}") = "PPv2URPConverters", "PPv2URPConverters.csproj", "{250A0ED8-985C-43EC-793A-3780C8503894}"
EndProject
Project("{FAE04EC0-301F-11D3-BF4B-00C04F79EFBC}") = "Unity.Notifications.Android", "Unity.Notifications.Android.csproj", "{D6F348BB-2CA6-2356-70B9-8A479BF96177}"
EndProject
Project("{FAE04EC0-301F-11D3-BF4B-00C04F79EFBC}") = "Unity.Searcher.Editor", "Unity.Searcher.Editor.csproj", "{F03D298F-097B-A9AF-4B37-886F447DF2C5}"
EndProject
Project("{FAE04EC0-301F-11D3-BF4B-00C04F79EFBC}") = "Unity.VisualScripting.Core", "Unity.VisualScripting.Core.csproj", "{E2EC466B-6B69-4207-40F4-D0AE7E18E9D6}"
EndProject
Project("{FAE04EC0-301F-11D3-BF4B-00C04F79EFBC}") = "ExternalAttributes.Core", "ExternalAttributes.Core.csproj", "{99252791-583A-FE29-1860-8B7F4D5CB511}"
EndProject
Project("{FAE04EC0-301F-11D3-BF4B-00C04F79EFBC}") = "Unity.RenderPipelines.Universal.Runtime", "Unity.RenderPipelines.Universal.Runtime.csproj", "{F2FC5625-E96B-655B-96AB-45EA3C88A92A}"
EndProject
Project("{FAE04EC0-301F-11D3-BF4B-00C04F79EFBC}") = "Assembly-CSharp", "Assembly-CSharp.csproj", "{47892408-2ACD-6656-80E6-C6D36242203F}"
EndProject
Project("{FAE04EC0-301F-11D3-BF4B-00C04F79EFBC}") = "ExternalAttributes.Editor", "ExternalAttributes.Editor.csproj", "{C2338EE4-BFA3-E137-C5CF-B559AC9E9D65}"
EndProject
Project("{FAE04EC0-301F-11D3-BF4B-00C04F79EFBC}") = "Unity.Collections", "Unity.Collections.csproj", "{20C11B16-09A7-09FA-9783-0C117AE1F291}"
EndProject
Project("{FAE04EC0-301F-11D3-BF4B-00C04F79EFBC}") = "UnityEditor.TestRunner", "UnityEditor.TestRunner.csproj", "{BB70C961-37C9-1F7E-ADEF-1A534A109848}"
EndProject
Project("{FAE04EC0-301F-11D3-BF4B-00C04F79EFBC}") = "Unity.VisualScripting.State.Editor", "Unity.VisualScripting.State.Editor.csproj", "{2FD7D0AF-0560-8B47-B89C-D05070B9AFF9}"
EndProject
Project("{FAE04EC0-301F-11D3-BF4B-00C04F79EFBC}") = "Unity.TestTools.CodeCoverage.Editor", "Unity.TestTools.CodeCoverage.Editor.csproj", "{F974DC2B-9093-92D0-F112-0F4DA1BB70FA}"
EndProject
Project("{FAE04EC0-301F-11D3-BF4B-00C04F79EFBC}") = "Unity.Burst.CodeGen", "Unity.Burst.CodeGen.csproj", "{AADCCC0A-DE3F-A8A1-B854-F013C8969646}"
EndProject
Project("{FAE04EC0-301F-11D3-BF4B-00C04F79EFBC}") = "Unity.Postprocessing.Editor", "Unity.Postprocessing.Editor.csproj", "{400D9CFE-9235-DACD-C7AD-68C0F3563606}"
EndProject
Project("{FAE04EC0-301F-11D3-BF4B-00C04F79EFBC}") = "Unity.VisualScripting.Flow", "Unity.VisualScripting.Flow.csproj", "{801F1F55-DD3D-88CD-D9B4-32FE1621D2A2}"
EndProject
Project("{FAE04EC0-301F-11D3-BF4B-00C04F79EFBC}") = "Unity.Rendering.LightTransport.Runtime", "Unity.Rendering.LightTransport.Runtime.csproj", "{14248F19-FBA9-12C0-6747-AF64904EE10B}"
EndProject
Project("{FAE04EC0-301F-11D3-BF4B-00C04F79EFBC}") = "Unity.Splines", "Unity.Splines.csproj", "{52196BCB-3F31-9B97-4293-C1CB63A20962}"
EndProject
Project("{FAE04EC0-301F-11D3-BF4B-00C04F79EFBC}") = "Unity.TestTools.CodeCoverage.Editor.OpenCover.Model", "Unity.TestTools.CodeCoverage.Editor.OpenCover.Model.csproj", "{7299217C-73D3-0B53-2FBA-543826F11F67}"
EndProject
Project("{FAE04EC0-301F-11D3-BF4B-00C04F79EFBC}") = "Unity.AdaptivePerformance.Editor", "Unity.AdaptivePerformance.Editor.csproj", "{2B275019-FDFD-5FCB-D2D6-2EA76A5EEF10}"
EndProject
Project("{FAE04EC0-301F-11D3-BF4B-00C04F79EFBC}") = "Unity.TextMeshPro", "Unity.TextMeshPro.csproj", "{E5C0DCD0-15DB-83A0-4EDC-3F5CFCBD5F42}"
EndProject
Project("{FAE04EC0-301F-11D3-BF4B-00C04F79EFBC}") = "Unity.TextMeshPro.Editor", "Unity.TextMeshPro.Editor.csproj", "{BBB3C83A-3612-626B-3354-2B63BECE1B67}"
EndProject
Project("{FAE04EC0-301F-11D3-BF4B-00C04F79EFBC}") = "com.unity.cinemachine.editor", "com.unity.cinemachine.editor.csproj", "{7B28A396-63B0-8408-660B-2993C763B61D}"
EndProject
Project("{FAE04EC0-301F-11D3-BF4B-00C04F79EFBC}") = "Unity.Burst.Editor", "Unity.Burst.Editor.csproj", "{5F03F401-78C0-4DC1-8C9E-7514FCA2C3B1}"
EndProject
Project("{FAE04EC0-301F-11D3-BF4B-00C04F79EFBC}") = "Unity.TestTools.CodeCoverage.Editor.OpenCover.Mono.Reflection", "Unity.TestTools.CodeCoverage.Editor.OpenCover.Mono.Reflection.csproj", "{69E26629-23A4-2567-F936-59CBC796DA59}"
EndProject
Project("{FAE04EC0-301F-11D3-BF4B-00C04F79EFBC}") = "Unity.Mobile.AndroidLogcat.Editor", "Unity.Mobile.AndroidLogcat.Editor.csproj", "{6E70B812-A2FD-7AB8-A6AF-99127134B428}"
EndProject
Project("{FAE04EC0-301F-11D3-BF4B-00C04F79EFBC}") = "Unity.Rider.Editor", "Unity.Rider.Editor.csproj", "{11A81B6F-BC13-1142-2960-88E40405FFED}"
EndProject
Project("{FAE04EC0-301F-11D3-BF4B-00C04F79EFBC}") = "Unity.VisualScripting.State", "Unity.VisualScripting.State.csproj", "{4E182CFB-D4BE-F312-D07F-6B26EFBF6375}"
EndProject
Project("{FAE04EC0-301F-11D3-BF4B-00C04F79EFBC}") = "Unity.AdaptivePerformance", "Unity.AdaptivePerformance.csproj", "{60FB3DE4-62C2-74A8-8837-B30357E2EACE}"
EndProject
Project("{FAE04EC0-301F-11D3-BF4B-00C04F79EFBC}") = "Unity.Performance.Profile-Analyzer.Editor", "Unity.Performance.Profile-Analyzer.Editor.csproj", "{D9570A9E-57F5-B5D2-1F43-714E4E7CEF8B}"
EndProject
Project("{FAE04EC0-301F-11D3-BF4B-00C04F79EFBC}") = "UnityEditor.UI", "UnityEditor.UI.csproj", "{71E2B43E-1685-AB08-0EF7-B2F612E2248C}"
EndProject
Project("{FAE04EC0-301F-11D3-BF4B-00C04F79EFBC}") = "Unity.Postprocessing.Runtime", "Unity.Postprocessing.Runtime.csproj", "{FEC7F8B8-4767-8E26-6CF1-45FDD703B373}"
EndProject
Project("{FAE04EC0-301F-11D3-BF4B-00C04F79EFBC}") = "Unity.Notifications", "Unity.Notifications.csproj", "{3716EB6E-9DEF-3984-76FE-557884BB290C}"
EndProject
Project("{FAE04EC0-301F-11D3-BF4B-00C04F79EFBC}") = "Unity.Notifications.Unified", "Unity.Notifications.Unified.csproj", "{79D8CFC0-9BC0-61A2-BBBE-05EB08B110B1}"
EndProject
Project("{FAE04EC0-301F-11D3-BF4B-00C04F79EFBC}") = "Unity.InputSystem.ForUI", "Unity.InputSystem.ForUI.csproj", "{4CBC37AB-A510-CCED-5BAB-3A4B73FCAC73}"
EndProject
Project("{FAE04EC0-301F-11D3-BF4B-00C04F79EFBC}") = "Unity.Collections.CodeGen", "Unity.Collections.CodeGen.csproj", "{CACB8CB1-A9CB-D060-8DE9-F1CA736BDFAB}"
EndProject
Project("{FAE04EC0-301F-11D3-BF4B-00C04F79EFBC}") = "Unity.Mathematics.Editor", "Unity.Mathematics.Editor.csproj", "{08FEAC9D-F086-301B-AD1B-2918C0213C26}"
EndProject
Project("{FAE04EC0-301F-11D3-BF4B-00C04F79EFBC}") = "Assembly-CSharp-Editor", "Assembly-CSharp-Editor.csproj", "{D21D9B02-3C98-3815-0A90-51D58E1400FB}"
EndProject
Project("{FAE04EC0-301F-11D3-BF4B-00C04F79EFBC}") = "Unity.VisualScripting.SettingsProvider.Editor", "Unity.VisualScripting.SettingsProvider.Editor.csproj", "{2DDDCEE8-1788-CA1E-EF43-3620EA24758A}"
EndProject
Project("{FAE04EC0-301F-11D3-BF4B-00C04F79EFBC}") = "Unity.Notifications.iOS", "Unity.Notifications.iOS.csproj", "{9FAE8AEB-4BD5-4288-8654-6FC6763AE92A}"
EndProject
Project("{FAE04EC0-301F-11D3-BF4B-00C04F79EFBC}") = "Unity.Settings.Editor", "Unity.Settings.Editor.csproj", "{EB614207-580C-3E43-FD84-C7F757698672}"
EndProject
Project("{FAE04EC0-301F-11D3-BF4B-00C04F79EFBC}") = "Unity.InputSystem.TestFramework", "Unity.InputSystem.TestFramework.csproj", "{8FC12CE1-CAB6-BF5B-56BA-2F342D06C020}"
EndProject
Project("{FAE04EC0-301F-11D3-BF4B-00C04F79EFBC}") = "Unity.ShaderGraph.Utilities", "Unity.ShaderGraph.Utilities.csproj", "{C881D2DB-7D21-6CAD-4A1D-30CB4CD020FB}"
EndProject
Project("{FAE04EC0-301F-11D3-BF4B-00C04F79EFBC}") = "Unity.VisualScripting.Shared.Editor", "Unity.VisualScripting.Shared.Editor.csproj", "{9E59E645-0DA4-9284-0006-0EE4A8DA5E5A}"
EndProject
Project("{FAE04EC0-301F-11D3-BF4B-00C04F79EFBC}") = "Unity.Profiling.Core", "Unity.Profiling.Core.csproj", "{D01BB12F-AE91-BC33-BFB7-629F3A4C2E61}"
EndProject
Project("{FAE04EC0-301F-11D3-BF4B-00C04F79EFBC}") = "Unity.EditorCoroutines.Editor", "Unity.EditorCoroutines.Editor.csproj", "{7A58FFD9-3462-ABD6-C9C6-53006FBBB61E}"
EndProject
Project("{FAE04EC0-301F-11D3-BF4B-00C04F79EFBC}") = "Unity.AdaptivePerformance.Simulator.Editor", "Unity.AdaptivePerformance.Simulator.Editor.csproj", "{95EF8078-9FB5-0C30-FEAF-5881E5EDC376}"
EndProject
Project("{FAE04EC0-301F-11D3-BF4B-00C04F79EFBC}") = "Unity.Collections.DocCodeSamples", "Unity.Collections.DocCodeSamples.csproj", "{8FD3805B-C439-5630-9332-8A31ECF6A2F1}"
EndProject
Project("{FAE04EC0-301F-11D3-BF4B-00C04F79EFBC}") = "Unity.RenderPipeline.Universal.ShaderLibrary", "Unity.RenderPipeline.Universal.ShaderLibrary.csproj", "{2C55A7AC-14B6-059A-F5A2-98C97F7EA88E}"
EndProject
Project("{FAE04EC0-301F-11D3-BF4B-00C04F79EFBC}") = "Unity.AdaptivePerformance.Profiler.Editor", "Unity.AdaptivePerformance.Profiler.Editor.csproj", "{7C29D8F3-8F76-DFB8-00B9-80D2AAF85C10}"
EndProject
Project("{FAE04EC0-301F-11D3-BF4B-00C04F79EFBC}") = "Unity.CollabProxy.Editor", "Unity.CollabProxy.Editor.csproj", "{339AE14E-2506-63BA-4B10-4747E5769252}"
EndProject
Project("{FAE04EC0-301F-11D3-BF4B-00C04F79EFBC}") = "Unity.RenderPipelines.Universal.Shaders", "Unity.RenderPipelines.Universal.Shaders.csproj", "{05BBA3FE-4D65-CE1C-1042-7AFD8B1BA41D}"
EndProject
Project("{FAE04EC0-301F-11D3-BF4B-00C04F79EFBC}") = "Unity.RenderPipelines.Core.Runtime.Shared", "Unity.RenderPipelines.Core.Runtime.Shared.csproj", "{43C388A9-C92D-9564-FE6F-BC0EAE4439E7}"
EndProject
Project("{FAE04EC0-301F-11D3-BF4B-00C04F79EFBC}") = "Unity.AdaptivePerformance.UI.Editor", "Unity.AdaptivePerformance.UI.Editor.csproj", "{AC4E318C-653F-0CAC-7782-3654AE0BAC46}"
EndProject
Project("{FAE04EC0-301F-11D3-BF4B-00C04F79EFBC}") = "Unity.Rendering.LightTransport.Editor", "Unity.Rendering.LightTransport.Editor.csproj", "{4825BC44-4586-EFB7-A77E-C6F9F9B10DB6}"
EndProject
Project("{FAE04EC0-301F-11D3-BF4B-00C04F79EFBC}") = "Unity.AdaptivePerformance.Simulator.Extension", "Unity.AdaptivePerformance.Simulator.Extension.csproj", "{03CF37DC-9198-05A8-AB56-609AC857E2EF}"
EndProject
Project("{FAE04EC0-301F-11D3-BF4B-00C04F79EFBC}") = "Unity.Collections.Editor", "Unity.Collections.Editor.csproj", "{26FE2800-34B5-2982-C960-81C32A1E2FE7}"
EndProject
Project("{FAE04EC0-301F-11D3-BF4B-00C04F79EFBC}") = "Unity.Collections.BurstCompatibilityGen", "Unity.Collections.BurstCompatibilityGen.csproj", "{21577605-241E-C4A9-9F97-FE445D901E51}"
EndProject
Project("{FAE04EC0-301F-11D3-BF4B-00C04F79EFBC}") = "Unity.RenderPipelines.ShaderGraph.ShaderGraphLibrary", "Unity.RenderPipelines.ShaderGraph.ShaderGraphLibrary.csproj", "{0DF29F99-E9A4-557A-B279-D78C46AD6A16}"
EndProject
Project("{FAE04EC0-301F-11D3-BF4B-00C04F79EFBC}") = "Unity.RenderPipelines.Core.ShaderLibrary", "Unity.RenderPipelines.Core.ShaderLibrary.csproj", "{34CE27BE-9F47-0FD1-8ED8-4EEE2988524D}"
EndProject
Project("{FAE04EC0-301F-11D3-BF4B-00C04F79EFBC}") = "Unity.RenderPipelines.Core.Editor.Shared", "Unity.RenderPipelines.Core.Editor.Shared.csproj", "{38DFF8F6-6CAE-4962-91D3-A6B60898C074}"
EndProject
Global
	GlobalSection(SolutionConfigurationPlatforms) = preSolution
		Debug|Any CPU = Debug|Any CPU
		Release|Any CPU = Release|Any CPU
	EndGlobalSection
	GlobalSection(ProjectConfigurationPlatforms) = postSolution
		{DB7D0500-4C48-86B2-8BEE-DF10F87A79FF}.Debug|Any CPU.ActiveCfg = Debug|Any CPU
		{DB7D0500-4C48-86B2-8BEE-DF10F87A79FF}.Debug|Any CPU.Build.0 = Debug|Any CPU
		{DB7D0500-4C48-86B2-8BEE-DF10F87A79FF}.Release|Any CPU.ActiveCfg = Release|Any CPU
		{DB7D0500-4C48-86B2-8BEE-DF10F87A79FF}.Release|Any CPU.Build.0 = Release|Any CPU
		{F2D0A36D-D7C3-14FF-AAA3-6C644E035655}.Debug|Any CPU.ActiveCfg = Debug|Any CPU
		{F2D0A36D-D7C3-14FF-AAA3-6C644E035655}.Debug|Any CPU.Build.0 = Debug|Any CPU
		{F2D0A36D-D7C3-14FF-AAA3-6C644E035655}.Release|Any CPU.ActiveCfg = Release|Any CPU
		{F2D0A36D-D7C3-14FF-AAA3-6C644E035655}.Release|Any CPU.Build.0 = Release|Any CPU
		{A31AF13A-6EA1-DF57-547C-21CFCB4F4B58}.Debug|Any CPU.ActiveCfg = Debug|Any CPU
		{A31AF13A-6EA1-DF57-547C-21CFCB4F4B58}.Debug|Any CPU.Build.0 = Debug|Any CPU
		{A31AF13A-6EA1-DF57-547C-21CFCB4F4B58}.Release|Any CPU.ActiveCfg = Release|Any CPU
		{A31AF13A-6EA1-DF57-547C-21CFCB4F4B58}.Release|Any CPU.Build.0 = Release|Any CPU
		{C0AAF3AE-F051-40B3-E376-2F51E7A61A82}.Debug|Any CPU.ActiveCfg = Debug|Any CPU
		{C0AAF3AE-F051-40B3-E376-2F51E7A61A82}.Debug|Any CPU.Build.0 = Debug|Any CPU
		{C0AAF3AE-F051-40B3-E376-2F51E7A61A82}.Release|Any CPU.ActiveCfg = Release|Any CPU
		{C0AAF3AE-F051-40B3-E376-2F51E7A61A82}.Release|Any CPU.Build.0 = Release|Any CPU
		{5A878FF5-9AC2-A1D2-C7B7-14E31B7BA002}.Debug|Any CPU.ActiveCfg = Debug|Any CPU
		{5A878FF5-9AC2-A1D2-C7B7-14E31B7BA002}.Debug|Any CPU.Build.0 = Debug|Any CPU
		{5A878FF5-9AC2-A1D2-C7B7-14E31B7BA002}.Release|Any CPU.ActiveCfg = Release|Any CPU
		{5A878FF5-9AC2-A1D2-C7B7-14E31B7BA002}.Release|Any CPU.Build.0 = Release|Any CPU
		{803E32BC-6481-95D9-6C7A-185DB62188BF}.Debug|Any CPU.ActiveCfg = Debug|Any CPU
		{803E32BC-6481-95D9-6C7A-185DB62188BF}.Debug|Any CPU.Build.0 = Debug|Any CPU
		{803E32BC-6481-95D9-6C7A-185DB62188BF}.Release|Any CPU.ActiveCfg = Release|Any CPU
		{803E32BC-6481-95D9-6C7A-185DB62188BF}.Release|Any CPU.Build.0 = Release|Any CPU
		{F19E0DB8-2D9D-8AD3-1CF6-F6F29293292D}.Debug|Any CPU.ActiveCfg = Debug|Any CPU
		{F19E0DB8-2D9D-8AD3-1CF6-F6F29293292D}.Debug|Any CPU.Build.0 = Debug|Any CPU
		{F19E0DB8-2D9D-8AD3-1CF6-F6F29293292D}.Release|Any CPU.ActiveCfg = Release|Any CPU
		{F19E0DB8-2D9D-8AD3-1CF6-F6F29293292D}.Release|Any CPU.Build.0 = Release|Any CPU
		{C6D94594-2E0B-2D4D-4241-1BC9ACBEBE03}.Debug|Any CPU.ActiveCfg = Debug|Any CPU
		{C6D94594-2E0B-2D4D-4241-1BC9ACBEBE03}.Debug|Any CPU.Build.0 = Debug|Any CPU
		{C6D94594-2E0B-2D4D-4241-1BC9ACBEBE03}.Release|Any CPU.ActiveCfg = Release|Any CPU
		{C6D94594-2E0B-2D4D-4241-1BC9ACBEBE03}.Release|Any CPU.Build.0 = Release|Any CPU
		{C35F78DA-4429-0A1A-C71E-19D4707692F6}.Debug|Any CPU.ActiveCfg = Debug|Any CPU
		{C35F78DA-4429-0A1A-C71E-19D4707692F6}.Debug|Any CPU.Build.0 = Debug|Any CPU
		{C35F78DA-4429-0A1A-C71E-19D4707692F6}.Release|Any CPU.ActiveCfg = Release|Any CPU
		{C35F78DA-4429-0A1A-C71E-19D4707692F6}.Release|Any CPU.Build.0 = Release|Any CPU
		{3A5F679D-DF4B-660C-6CF7-820C05C0B441}.Debug|Any CPU.ActiveCfg = Debug|Any CPU
		{3A5F679D-DF4B-660C-6CF7-820C05C0B441}.Debug|Any CPU.Build.0 = Debug|Any CPU
		{3A5F679D-DF4B-660C-6CF7-820C05C0B441}.Release|Any CPU.ActiveCfg = Release|Any CPU
		{3A5F679D-DF4B-660C-6CF7-820C05C0B441}.Release|Any CPU.Build.0 = Release|Any CPU
		{468338FB-0457-5D63-6D61-20566E783463}.Debug|Any CPU.ActiveCfg = Debug|Any CPU
		{468338FB-0457-5D63-6D61-20566E783463}.Debug|Any CPU.Build.0 = Debug|Any CPU
		{468338FB-0457-5D63-6D61-20566E783463}.Release|Any CPU.ActiveCfg = Release|Any CPU
		{468338FB-0457-5D63-6D61-20566E783463}.Release|Any CPU.Build.0 = Release|Any CPU
		{F5E950BD-4115-3B83-4982-47FC709E8CD1}.Debug|Any CPU.ActiveCfg = Debug|Any CPU
		{F5E950BD-4115-3B83-4982-47FC709E8CD1}.Debug|Any CPU.Build.0 = Debug|Any CPU
		{F5E950BD-4115-3B83-4982-47FC709E8CD1}.Release|Any CPU.ActiveCfg = Release|Any CPU
		{F5E950BD-4115-3B83-4982-47FC709E8CD1}.Release|Any CPU.Build.0 = Release|Any CPU
		{90F485FF-1094-A161-4650-DCB53221915F}.Debug|Any CPU.ActiveCfg = Debug|Any CPU
		{90F485FF-1094-A161-4650-DCB53221915F}.Debug|Any CPU.Build.0 = Debug|Any CPU
		{90F485FF-1094-A161-4650-DCB53221915F}.Release|Any CPU.ActiveCfg = Release|Any CPU
		{90F485FF-1094-A161-4650-DCB53221915F}.Release|Any CPU.Build.0 = Release|Any CPU
		{6C10204E-E628-AC91-E67C-ED53304D2AF8}.Debug|Any CPU.ActiveCfg = Debug|Any CPU
		{6C10204E-E628-AC91-E67C-ED53304D2AF8}.Debug|Any CPU.Build.0 = Debug|Any CPU
		{6C10204E-E628-AC91-E67C-ED53304D2AF8}.Release|Any CPU.ActiveCfg = Release|Any CPU
		{6C10204E-E628-AC91-E67C-ED53304D2AF8}.Release|Any CPU.Build.0 = Release|Any CPU
		{C33A0A3B-8EBA-246B-0871-0912C4516574}.Debug|Any CPU.ActiveCfg = Debug|Any CPU
		{C33A0A3B-8EBA-246B-0871-0912C4516574}.Debug|Any CPU.Build.0 = Debug|Any CPU
		{C33A0A3B-8EBA-246B-0871-0912C4516574}.Release|Any CPU.ActiveCfg = Release|Any CPU
		{C33A0A3B-8EBA-246B-0871-0912C4516574}.Release|Any CPU.Build.0 = Release|Any CPU
		{FCF3D052-5764-D205-56D8-BA3EF66BA42B}.Debug|Any CPU.ActiveCfg = Debug|Any CPU
		{FCF3D052-5764-D205-56D8-BA3EF66BA42B}.Debug|Any CPU.Build.0 = Debug|Any CPU
		{FCF3D052-5764-D205-56D8-BA3EF66BA42B}.Release|Any CPU.ActiveCfg = Release|Any CPU
		{FCF3D052-5764-D205-56D8-BA3EF66BA42B}.Release|Any CPU.Build.0 = Release|Any CPU
		{3413A50E-2C4D-E7C0-32AF-F3BD57BE7E54}.Debug|Any CPU.ActiveCfg = Debug|Any CPU
		{3413A50E-2C4D-E7C0-32AF-F3BD57BE7E54}.Debug|Any CPU.Build.0 = Debug|Any CPU
		{3413A50E-2C4D-E7C0-32AF-F3BD57BE7E54}.Release|Any CPU.ActiveCfg = Release|Any CPU
		{3413A50E-2C4D-E7C0-32AF-F3BD57BE7E54}.Release|Any CPU.Build.0 = Release|Any CPU
		{4F4BEA49-94BC-03D2-D656-00DBAE853463}.Debug|Any CPU.ActiveCfg = Debug|Any CPU
		{4F4BEA49-94BC-03D2-D656-00DBAE853463}.Debug|Any CPU.Build.0 = Debug|Any CPU
		{4F4BEA49-94BC-03D2-D656-00DBAE853463}.Release|Any CPU.ActiveCfg = Release|Any CPU
		{4F4BEA49-94BC-03D2-D656-00DBAE853463}.Release|Any CPU.Build.0 = Release|Any CPU
		{250A0ED8-985C-43EC-793A-3780C8503894}.Debug|Any CPU.ActiveCfg = Debug|Any CPU
		{250A0ED8-985C-43EC-793A-3780C8503894}.Debug|Any CPU.Build.0 = Debug|Any CPU
		{250A0ED8-985C-43EC-793A-3780C8503894}.Release|Any CPU.ActiveCfg = Release|Any CPU
		{250A0ED8-985C-43EC-793A-3780C8503894}.Release|Any CPU.Build.0 = Release|Any CPU
		{D6F348BB-2CA6-2356-70B9-8A479BF96177}.Debug|Any CPU.ActiveCfg = Debug|Any CPU
		{D6F348BB-2CA6-2356-70B9-8A479BF96177}.Debug|Any CPU.Build.0 = Debug|Any CPU
		{D6F348BB-2CA6-2356-70B9-8A479BF96177}.Release|Any CPU.ActiveCfg = Release|Any CPU
		{D6F348BB-2CA6-2356-70B9-8A479BF96177}.Release|Any CPU.Build.0 = Release|Any CPU
		{F03D298F-097B-A9AF-4B37-886F447DF2C5}.Debug|Any CPU.ActiveCfg = Debug|Any CPU
		{F03D298F-097B-A9AF-4B37-886F447DF2C5}.Debug|Any CPU.Build.0 = Debug|Any CPU
		{F03D298F-097B-A9AF-4B37-886F447DF2C5}.Release|Any CPU.ActiveCfg = Release|Any CPU
		{F03D298F-097B-A9AF-4B37-886F447DF2C5}.Release|Any CPU.Build.0 = Release|Any CPU
		{E2EC466B-6B69-4207-40F4-D0AE7E18E9D6}.Debug|Any CPU.ActiveCfg = Debug|Any CPU
		{E2EC466B-6B69-4207-40F4-D0AE7E18E9D6}.Debug|Any CPU.Build.0 = Debug|Any CPU
		{E2EC466B-6B69-4207-40F4-D0AE7E18E9D6}.Release|Any CPU.ActiveCfg = Release|Any CPU
		{E2EC466B-6B69-4207-40F4-D0AE7E18E9D6}.Release|Any CPU.Build.0 = Release|Any CPU
		{99252791-583A-FE29-1860-8B7F4D5CB511}.Debug|Any CPU.ActiveCfg = Debug|Any CPU
		{99252791-583A-FE29-1860-8B7F4D5CB511}.Debug|Any CPU.Build.0 = Debug|Any CPU
		{99252791-583A-FE29-1860-8B7F4D5CB511}.Release|Any CPU.ActiveCfg = Release|Any CPU
		{99252791-583A-FE29-1860-8B7F4D5CB511}.Release|Any CPU.Build.0 = Release|Any CPU
		{F2FC5625-E96B-655B-96AB-45EA3C88A92A}.Debug|Any CPU.ActiveCfg = Debug|Any CPU
		{F2FC5625-E96B-655B-96AB-45EA3C88A92A}.Debug|Any CPU.Build.0 = Debug|Any CPU
		{F2FC5625-E96B-655B-96AB-45EA3C88A92A}.Release|Any CPU.ActiveCfg = Release|Any CPU
		{F2FC5625-E96B-655B-96AB-45EA3C88A92A}.Release|Any CPU.Build.0 = Release|Any CPU
		{47892408-2ACD-6656-80E6-C6D36242203F}.Debug|Any CPU.ActiveCfg = Debug|Any CPU
		{47892408-2ACD-6656-80E6-C6D36242203F}.Debug|Any CPU.Build.0 = Debug|Any CPU
		{47892408-2ACD-6656-80E6-C6D36242203F}.Release|Any CPU.ActiveCfg = Release|Any CPU
		{47892408-2ACD-6656-80E6-C6D36242203F}.Release|Any CPU.Build.0 = Release|Any CPU
		{C2338EE4-BFA3-E137-C5CF-B559AC9E9D65}.Debug|Any CPU.ActiveCfg = Debug|Any CPU
		{C2338EE4-BFA3-E137-C5CF-B559AC9E9D65}.Debug|Any CPU.Build.0 = Debug|Any CPU
		{C2338EE4-BFA3-E137-C5CF-B559AC9E9D65}.Release|Any CPU.ActiveCfg = Release|Any CPU
		{C2338EE4-BFA3-E137-C5CF-B559AC9E9D65}.Release|Any CPU.Build.0 = Release|Any CPU
		{20C11B16-09A7-09FA-9783-0C117AE1F291}.Debug|Any CPU.ActiveCfg = Debug|Any CPU
		{20C11B16-09A7-09FA-9783-0C117AE1F291}.Debug|Any CPU.Build.0 = Debug|Any CPU
		{20C11B16-09A7-09FA-9783-0C117AE1F291}.Release|Any CPU.ActiveCfg = Release|Any CPU
		{20C11B16-09A7-09FA-9783-0C117AE1F291}.Release|Any CPU.Build.0 = Release|Any CPU
		{BB70C961-37C9-1F7E-ADEF-1A534A109848}.Debug|Any CPU.ActiveCfg = Debug|Any CPU
		{BB70C961-37C9-1F7E-ADEF-1A534A109848}.Debug|Any CPU.Build.0 = Debug|Any CPU
		{BB70C961-37C9-1F7E-ADEF-1A534A109848}.Release|Any CPU.ActiveCfg = Release|Any CPU
		{BB70C961-37C9-1F7E-ADEF-1A534A109848}.Release|Any CPU.Build.0 = Release|Any CPU
		{2FD7D0AF-0560-8B47-B89C-D05070B9AFF9}.Debug|Any CPU.ActiveCfg = Debug|Any CPU
		{2FD7D0AF-0560-8B47-B89C-D05070B9AFF9}.Debug|Any CPU.Build.0 = Debug|Any CPU
		{2FD7D0AF-0560-8B47-B89C-D05070B9AFF9}.Release|Any CPU.ActiveCfg = Release|Any CPU
		{2FD7D0AF-0560-8B47-B89C-D05070B9AFF9}.Release|Any CPU.Build.0 = Release|Any CPU
		{F974DC2B-9093-92D0-F112-0F4DA1BB70FA}.Debug|Any CPU.ActiveCfg = Debug|Any CPU
		{F974DC2B-9093-92D0-F112-0F4DA1BB70FA}.Debug|Any CPU.Build.0 = Debug|Any CPU
		{F974DC2B-9093-92D0-F112-0F4DA1BB70FA}.Release|Any CPU.ActiveCfg = Release|Any CPU
		{F974DC2B-9093-92D0-F112-0F4DA1BB70FA}.Release|Any CPU.Build.0 = Release|Any CPU
		{AADCCC0A-DE3F-A8A1-B854-F013C8969646}.Debug|Any CPU.ActiveCfg = Debug|Any CPU
		{AADCCC0A-DE3F-A8A1-B854-F013C8969646}.Debug|Any CPU.Build.0 = Debug|Any CPU
		{AADCCC0A-DE3F-A8A1-B854-F013C8969646}.Release|Any CPU.ActiveCfg = Release|Any CPU
		{AADCCC0A-DE3F-A8A1-B854-F013C8969646}.Release|Any CPU.Build.0 = Release|Any CPU
		{400D9CFE-9235-DACD-C7AD-68C0F3563606}.Debug|Any CPU.ActiveCfg = Debug|Any CPU
		{400D9CFE-9235-DACD-C7AD-68C0F3563606}.Debug|Any CPU.Build.0 = Debug|Any CPU
		{400D9CFE-9235-DACD-C7AD-68C0F3563606}.Release|Any CPU.ActiveCfg = Release|Any CPU
		{400D9CFE-9235-DACD-C7AD-68C0F3563606}.Release|Any CPU.Build.0 = Release|Any CPU
		{801F1F55-DD3D-88CD-D9B4-32FE1621D2A2}.Debug|Any CPU.ActiveCfg = Debug|Any CPU
		{801F1F55-DD3D-88CD-D9B4-32FE1621D2A2}.Debug|Any CPU.Build.0 = Debug|Any CPU
		{801F1F55-DD3D-88CD-D9B4-32FE1621D2A2}.Release|Any CPU.ActiveCfg = Release|Any CPU
		{801F1F55-DD3D-88CD-D9B4-32FE1621D2A2}.Release|Any CPU.Build.0 = Release|Any CPU
		{14248F19-FBA9-12C0-6747-AF64904EE10B}.Debug|Any CPU.ActiveCfg = Debug|Any CPU
		{14248F19-FBA9-12C0-6747-AF64904EE10B}.Debug|Any CPU.Build.0 = Debug|Any CPU
		{14248F19-FBA9-12C0-6747-AF64904EE10B}.Release|Any CPU.ActiveCfg = Release|Any CPU
		{14248F19-FBA9-12C0-6747-AF64904EE10B}.Release|Any CPU.Build.0 = Release|Any CPU
		{52196BCB-3F31-9B97-4293-C1CB63A20962}.Debug|Any CPU.ActiveCfg = Debug|Any CPU
		{52196BCB-3F31-9B97-4293-C1CB63A20962}.Debug|Any CPU.Build.0 = Debug|Any CPU
		{52196BCB-3F31-9B97-4293-C1CB63A20962}.Release|Any CPU.ActiveCfg = Release|Any CPU
		{52196BCB-3F31-9B97-4293-C1CB63A20962}.Release|Any CPU.Build.0 = Release|Any CPU
		{7299217C-73D3-0B53-2FBA-543826F11F67}.Debug|Any CPU.ActiveCfg = Debug|Any CPU
		{7299217C-73D3-0B53-2FBA-543826F11F67}.Debug|Any CPU.Build.0 = Debug|Any CPU
		{7299217C-73D3-0B53-2FBA-543826F11F67}.Release|Any CPU.ActiveCfg = Release|Any CPU
		{7299217C-73D3-0B53-2FBA-543826F11F67}.Release|Any CPU.Build.0 = Release|Any CPU
		{2B275019-FDFD-5FCB-D2D6-2EA76A5EEF10}.Debug|Any CPU.ActiveCfg = Debug|Any CPU
		{2B275019-FDFD-5FCB-D2D6-2EA76A5EEF10}.Debug|Any CPU.Build.0 = Debug|Any CPU
		{2B275019-FDFD-5FCB-D2D6-2EA76A5EEF10}.Release|Any CPU.ActiveCfg = Release|Any CPU
		{2B275019-FDFD-5FCB-D2D6-2EA76A5EEF10}.Release|Any CPU.Build.0 = Release|Any CPU
		{E5C0DCD0-15DB-83A0-4EDC-3F5CFCBD5F42}.Debug|Any CPU.ActiveCfg = Debug|Any CPU
		{E5C0DCD0-15DB-83A0-4EDC-3F5CFCBD5F42}.Debug|Any CPU.Build.0 = Debug|Any CPU
		{E5C0DCD0-15DB-83A0-4EDC-3F5CFCBD5F42}.Release|Any CPU.ActiveCfg = Release|Any CPU
		{E5C0DCD0-15DB-83A0-4EDC-3F5CFCBD5F42}.Release|Any CPU.Build.0 = Release|Any CPU
		{BBB3C83A-3612-626B-3354-2B63BECE1B67}.Debug|Any CPU.ActiveCfg = Debug|Any CPU
		{BBB3C83A-3612-626B-3354-2B63BECE1B67}.Debug|Any CPU.Build.0 = Debug|Any CPU
		{BBB3C83A-3612-626B-3354-2B63BECE1B67}.Release|Any CPU.ActiveCfg = Release|Any CPU
		{BBB3C83A-3612-626B-3354-2B63BECE1B67}.Release|Any CPU.Build.0 = Release|Any CPU
		{7B28A396-63B0-8408-660B-2993C763B61D}.Debug|Any CPU.ActiveCfg = Debug|Any CPU
		{7B28A396-63B0-8408-660B-2993C763B61D}.Debug|Any CPU.Build.0 = Debug|Any CPU
		{7B28A396-63B0-8408-660B-2993C763B61D}.Release|Any CPU.ActiveCfg = Release|Any CPU
		{7B28A396-63B0-8408-660B-2993C763B61D}.Release|Any CPU.Build.0 = Release|Any CPU
		{5F03F401-78C0-4DC1-8C9E-7514FCA2C3B1}.Debug|Any CPU.ActiveCfg = Debug|Any CPU
		{5F03F401-78C0-4DC1-8C9E-7514FCA2C3B1}.Debug|Any CPU.Build.0 = Debug|Any CPU
		{5F03F401-78C0-4DC1-8C9E-7514FCA2C3B1}.Release|Any CPU.ActiveCfg = Release|Any CPU
		{5F03F401-78C0-4DC1-8C9E-7514FCA2C3B1}.Release|Any CPU.Build.0 = Release|Any CPU
		{69E26629-23A4-2567-F936-59CBC796DA59}.Debug|Any CPU.ActiveCfg = Debug|Any CPU
		{69E26629-23A4-2567-F936-59CBC796DA59}.Debug|Any CPU.Build.0 = Debug|Any CPU
		{69E26629-23A4-2567-F936-59CBC796DA59}.Release|Any CPU.ActiveCfg = Release|Any CPU
		{69E26629-23A4-2567-F936-59CBC796DA59}.Release|Any CPU.Build.0 = Release|Any CPU
		{6E70B812-A2FD-7AB8-A6AF-99127134B428}.Debug|Any CPU.ActiveCfg = Debug|Any CPU
		{6E70B812-A2FD-7AB8-A6AF-99127134B428}.Debug|Any CPU.Build.0 = Debug|Any CPU
		{6E70B812-A2FD-7AB8-A6AF-99127134B428}.Release|Any CPU.ActiveCfg = Release|Any CPU
		{6E70B812-A2FD-7AB8-A6AF-99127134B428}.Release|Any CPU.Build.0 = Release|Any CPU
		{11A81B6F-BC13-1142-2960-88E40405FFED}.Debug|Any CPU.ActiveCfg = Debug|Any CPU
		{11A81B6F-BC13-1142-2960-88E40405FFED}.Debug|Any CPU.Build.0 = Debug|Any CPU
		{11A81B6F-BC13-1142-2960-88E40405FFED}.Release|Any CPU.ActiveCfg = Release|Any CPU
		{11A81B6F-BC13-1142-2960-88E40405FFED}.Release|Any CPU.Build.0 = Release|Any CPU
		{4E182CFB-D4BE-F312-D07F-6B26EFBF6375}.Debug|Any CPU.ActiveCfg = Debug|Any CPU
		{4E182CFB-D4BE-F312-D07F-6B26EFBF6375}.Debug|Any CPU.Build.0 = Debug|Any CPU
		{4E182CFB-D4BE-F312-D07F-6B26EFBF6375}.Release|Any CPU.ActiveCfg = Release|Any CPU
		{4E182CFB-D4BE-F312-D07F-6B26EFBF6375}.Release|Any CPU.Build.0 = Release|Any CPU
		{60FB3DE4-62C2-74A8-8837-B30357E2EACE}.Debug|Any CPU.ActiveCfg = Debug|Any CPU
		{60FB3DE4-62C2-74A8-8837-B30357E2EACE}.Debug|Any CPU.Build.0 = Debug|Any CPU
		{60FB3DE4-62C2-74A8-8837-B30357E2EACE}.Release|Any CPU.ActiveCfg = Release|Any CPU
		{60FB3DE4-62C2-74A8-8837-B30357E2EACE}.Release|Any CPU.Build.0 = Release|Any CPU
		{D9570A9E-57F5-B5D2-1F43-714E4E7CEF8B}.Debug|Any CPU.ActiveCfg = Debug|Any CPU
		{D9570A9E-57F5-B5D2-1F43-714E4E7CEF8B}.Debug|Any CPU.Build.0 = Debug|Any CPU
		{D9570A9E-57F5-B5D2-1F43-714E4E7CEF8B}.Release|Any CPU.ActiveCfg = Release|Any CPU
		{D9570A9E-57F5-B5D2-1F43-714E4E7CEF8B}.Release|Any CPU.Build.0 = Release|Any CPU
		{71E2B43E-1685-AB08-0EF7-B2F612E2248C}.Debug|Any CPU.ActiveCfg = Debug|Any CPU
		{71E2B43E-1685-AB08-0EF7-B2F612E2248C}.Debug|Any CPU.Build.0 = Debug|Any CPU
		{71E2B43E-1685-AB08-0EF7-B2F612E2248C}.Release|Any CPU.ActiveCfg = Release|Any CPU
		{71E2B43E-1685-AB08-0EF7-B2F612E2248C}.Release|Any CPU.Build.0 = Release|Any CPU
		{FEC7F8B8-4767-8E26-6CF1-45FDD703B373}.Debug|Any CPU.ActiveCfg = Debug|Any CPU
		{FEC7F8B8-4767-8E26-6CF1-45FDD703B373}.Debug|Any CPU.Build.0 = Debug|Any CPU
		{FEC7F8B8-4767-8E26-6CF1-45FDD703B373}.Release|Any CPU.ActiveCfg = Release|Any CPU
		{FEC7F8B8-4767-8E26-6CF1-45FDD703B373}.Release|Any CPU.Build.0 = Release|Any CPU
		{3716EB6E-9DEF-3984-76FE-557884BB290C}.Debug|Any CPU.ActiveCfg = Debug|Any CPU
		{3716EB6E-9DEF-3984-76FE-557884BB290C}.Debug|Any CPU.Build.0 = Debug|Any CPU
		{3716EB6E-9DEF-3984-76FE-557884BB290C}.Release|Any CPU.ActiveCfg = Release|Any CPU
		{3716EB6E-9DEF-3984-76FE-557884BB290C}.Release|Any CPU.Build.0 = Release|Any CPU
		{79D8CFC0-9BC0-61A2-BBBE-05EB08B110B1}.Debug|Any CPU.ActiveCfg = Debug|Any CPU
		{79D8CFC0-9BC0-61A2-BBBE-05EB08B110B1}.Debug|Any CPU.Build.0 = Debug|Any CPU
		{79D8CFC0-9BC0-61A2-BBBE-05EB08B110B1}.Release|Any CPU.ActiveCfg = Release|Any CPU
		{79D8CFC0-9BC0-61A2-BBBE-05EB08B110B1}.Release|Any CPU.Build.0 = Release|Any CPU
		{4CBC37AB-A510-CCED-5BAB-3A4B73FCAC73}.Debug|Any CPU.ActiveCfg = Debug|Any CPU
		{4CBC37AB-A510-CCED-5BAB-3A4B73FCAC73}.Debug|Any CPU.Build.0 = Debug|Any CPU
		{4CBC37AB-A510-CCED-5BAB-3A4B73FCAC73}.Release|Any CPU.ActiveCfg = Release|Any CPU
		{4CBC37AB-A510-CCED-5BAB-3A4B73FCAC73}.Release|Any CPU.Build.0 = Release|Any CPU
		{CACB8CB1-A9CB-D060-8DE9-F1CA736BDFAB}.Debug|Any CPU.ActiveCfg = Debug|Any CPU
		{CACB8CB1-A9CB-D060-8DE9-F1CA736BDFAB}.Debug|Any CPU.Build.0 = Debug|Any CPU
		{CACB8CB1-A9CB-D060-8DE9-F1CA736BDFAB}.Release|Any CPU.ActiveCfg = Release|Any CPU
		{CACB8CB1-A9CB-D060-8DE9-F1CA736BDFAB}.Release|Any CPU.Build.0 = Release|Any CPU
		{08FEAC9D-F086-301B-AD1B-2918C0213C26}.Debug|Any CPU.ActiveCfg = Debug|Any CPU
		{08FEAC9D-F086-301B-AD1B-2918C0213C26}.Debug|Any CPU.Build.0 = Debug|Any CPU
		{08FEAC9D-F086-301B-AD1B-2918C0213C26}.Release|Any CPU.ActiveCfg = Release|Any CPU
		{08FEAC9D-F086-301B-AD1B-2918C0213C26}.Release|Any CPU.Build.0 = Release|Any CPU
		{D21D9B02-3C98-3815-0A90-51D58E1400FB}.Debug|Any CPU.ActiveCfg = Debug|Any CPU
		{D21D9B02-3C98-3815-0A90-51D58E1400FB}.Debug|Any CPU.Build.0 = Debug|Any CPU
		{D21D9B02-3C98-3815-0A90-51D58E1400FB}.Release|Any CPU.ActiveCfg = Release|Any CPU
		{D21D9B02-3C98-3815-0A90-51D58E1400FB}.Release|Any CPU.Build.0 = Release|Any CPU
		{2DDDCEE8-1788-CA1E-EF43-3620EA24758A}.Debug|Any CPU.ActiveCfg = Debug|Any CPU
		{2DDDCEE8-1788-CA1E-EF43-3620EA24758A}.Debug|Any CPU.Build.0 = Debug|Any CPU
		{2DDDCEE8-1788-CA1E-EF43-3620EA24758A}.Release|Any CPU.ActiveCfg = Release|Any CPU
		{2DDDCEE8-1788-CA1E-EF43-3620EA24758A}.Release|Any CPU.Build.0 = Release|Any CPU
		{9FAE8AEB-4BD5-4288-8654-6FC6763AE92A}.Debug|Any CPU.ActiveCfg = Debug|Any CPU
		{9FAE8AEB-4BD5-4288-8654-6FC6763AE92A}.Debug|Any CPU.Build.0 = Debug|Any CPU
		{9FAE8AEB-4BD5-4288-8654-6FC6763AE92A}.Release|Any CPU.ActiveCfg = Release|Any CPU
		{9FAE8AEB-4BD5-4288-8654-6FC6763AE92A}.Release|Any CPU.Build.0 = Release|Any CPU
		{EB614207-580C-3E43-FD84-C7F757698672}.Debug|Any CPU.ActiveCfg = Debug|Any CPU
		{EB614207-580C-3E43-FD84-C7F757698672}.Debug|Any CPU.Build.0 = Debug|Any CPU
		{EB614207-580C-3E43-FD84-C7F757698672}.Release|Any CPU.ActiveCfg = Release|Any CPU
		{EB614207-580C-3E43-FD84-C7F757698672}.Release|Any CPU.Build.0 = Release|Any CPU
		{8FC12CE1-CAB6-BF5B-56BA-2F342D06C020}.Debug|Any CPU.ActiveCfg = Debug|Any CPU
		{8FC12CE1-CAB6-BF5B-56BA-2F342D06C020}.Debug|Any CPU.Build.0 = Debug|Any CPU
		{8FC12CE1-CAB6-BF5B-56BA-2F342D06C020}.Release|Any CPU.ActiveCfg = Release|Any CPU
		{8FC12CE1-CAB6-BF5B-56BA-2F342D06C020}.Release|Any CPU.Build.0 = Release|Any CPU
		{C881D2DB-7D21-6CAD-4A1D-30CB4CD020FB}.Debug|Any CPU.ActiveCfg = Debug|Any CPU
		{C881D2DB-7D21-6CAD-4A1D-30CB4CD020FB}.Debug|Any CPU.Build.0 = Debug|Any CPU
		{C881D2DB-7D21-6CAD-4A1D-30CB4CD020FB}.Release|Any CPU.ActiveCfg = Release|Any CPU
		{C881D2DB-7D21-6CAD-4A1D-30CB4CD020FB}.Release|Any CPU.Build.0 = Release|Any CPU
		{9E59E645-0DA4-9284-0006-0EE4A8DA5E5A}.Debug|Any CPU.ActiveCfg = Debug|Any CPU
		{9E59E645-0DA4-9284-0006-0EE4A8DA5E5A}.Debug|Any CPU.Build.0 = Debug|Any CPU
		{9E59E645-0DA4-9284-0006-0EE4A8DA5E5A}.Release|Any CPU.ActiveCfg = Release|Any CPU
		{9E59E645-0DA4-9284-0006-0EE4A8DA5E5A}.Release|Any CPU.Build.0 = Release|Any CPU
		{D01BB12F-AE91-BC33-BFB7-629F3A4C2E61}.Debug|Any CPU.ActiveCfg = Debug|Any CPU
		{D01BB12F-AE91-BC33-BFB7-629F3A4C2E61}.Debug|Any CPU.Build.0 = Debug|Any CPU
		{D01BB12F-AE91-BC33-BFB7-629F3A4C2E61}.Release|Any CPU.ActiveCfg = Release|Any CPU
		{D01BB12F-AE91-BC33-BFB7-629F3A4C2E61}.Release|Any CPU.Build.0 = Release|Any CPU
		{7A58FFD9-3462-ABD6-C9C6-53006FBBB61E}.Debug|Any CPU.ActiveCfg = Debug|Any CPU
		{7A58FFD9-3462-ABD6-C9C6-53006FBBB61E}.Debug|Any CPU.Build.0 = Debug|Any CPU
		{7A58FFD9-3462-ABD6-C9C6-53006FBBB61E}.Release|Any CPU.ActiveCfg = Release|Any CPU
		{7A58FFD9-3462-ABD6-C9C6-53006FBBB61E}.Release|Any CPU.Build.0 = Release|Any CPU
		{95EF8078-9FB5-0C30-FEAF-5881E5EDC376}.Debug|Any CPU.ActiveCfg = Debug|Any CPU
		{95EF8078-9FB5-0C30-FEAF-5881E5EDC376}.Debug|Any CPU.Build.0 = Debug|Any CPU
		{95EF8078-9FB5-0C30-FEAF-5881E5EDC376}.Release|Any CPU.ActiveCfg = Release|Any CPU
		{95EF8078-9FB5-0C30-FEAF-5881E5EDC376}.Release|Any CPU.Build.0 = Release|Any CPU
		{8FD3805B-C439-5630-9332-8A31ECF6A2F1}.Debug|Any CPU.ActiveCfg = Debug|Any CPU
		{8FD3805B-C439-5630-9332-8A31ECF6A2F1}.Debug|Any CPU.Build.0 = Debug|Any CPU
		{8FD3805B-C439-5630-9332-8A31ECF6A2F1}.Release|Any CPU.ActiveCfg = Release|Any CPU
		{8FD3805B-C439-5630-9332-8A31ECF6A2F1}.Release|Any CPU.Build.0 = Release|Any CPU
		{2C55A7AC-14B6-059A-F5A2-98C97F7EA88E}.Debug|Any CPU.ActiveCfg = Debug|Any CPU
		{2C55A7AC-14B6-059A-F5A2-98C97F7EA88E}.Debug|Any CPU.Build.0 = Debug|Any CPU
		{2C55A7AC-14B6-059A-F5A2-98C97F7EA88E}.Release|Any CPU.ActiveCfg = Release|Any CPU
		{2C55A7AC-14B6-059A-F5A2-98C97F7EA88E}.Release|Any CPU.Build.0 = Release|Any CPU
		{7C29D8F3-8F76-DFB8-00B9-80D2AAF85C10}.Debug|Any CPU.ActiveCfg = Debug|Any CPU
		{7C29D8F3-8F76-DFB8-00B9-80D2AAF85C10}.Debug|Any CPU.Build.0 = Debug|Any CPU
		{7C29D8F3-8F76-DFB8-00B9-80D2AAF85C10}.Release|Any CPU.ActiveCfg = Release|Any CPU
		{7C29D8F3-8F76-DFB8-00B9-80D2AAF85C10}.Release|Any CPU.Build.0 = Release|Any CPU
		{339AE14E-2506-63BA-4B10-4747E5769252}.Debug|Any CPU.ActiveCfg = Debug|Any CPU
		{339AE14E-2506-63BA-4B10-4747E5769252}.Debug|Any CPU.Build.0 = Debug|Any CPU
		{339AE14E-2506-63BA-4B10-4747E5769252}.Release|Any CPU.ActiveCfg = Release|Any CPU
		{339AE14E-2506-63BA-4B10-4747E5769252}.Release|Any CPU.Build.0 = Release|Any CPU
		{05BBA3FE-4D65-CE1C-1042-7AFD8B1BA41D}.Debug|Any CPU.ActiveCfg = Debug|Any CPU
		{05BBA3FE-4D65-CE1C-1042-7AFD8B1BA41D}.Debug|Any CPU.Build.0 = Debug|Any CPU
		{05BBA3FE-4D65-CE1C-1042-7AFD8B1BA41D}.Release|Any CPU.ActiveCfg = Release|Any CPU
		{05BBA3FE-4D65-CE1C-1042-7AFD8B1BA41D}.Release|Any CPU.Build.0 = Release|Any CPU
		{43C388A9-C92D-9564-FE6F-BC0EAE4439E7}.Debug|Any CPU.ActiveCfg = Debug|Any CPU
		{43C388A9-C92D-9564-FE6F-BC0EAE4439E7}.Debug|Any CPU.Build.0 = Debug|Any CPU
		{43C388A9-C92D-9564-FE6F-BC0EAE4439E7}.Release|Any CPU.ActiveCfg = Release|Any CPU
		{43C388A9-C92D-9564-FE6F-BC0EAE4439E7}.Release|Any CPU.Build.0 = Release|Any CPU
		{AC4E318C-653F-0CAC-7782-3654AE0BAC46}.Debug|Any CPU.ActiveCfg = Debug|Any CPU
		{AC4E318C-653F-0CAC-7782-3654AE0BAC46}.Debug|Any CPU.Build.0 = Debug|Any CPU
		{AC4E318C-653F-0CAC-7782-3654AE0BAC46}.Release|Any CPU.ActiveCfg = Release|Any CPU
		{AC4E318C-653F-0CAC-7782-3654AE0BAC46}.Release|Any CPU.Build.0 = Release|Any CPU
		{4825BC44-4586-EFB7-A77E-C6F9F9B10DB6}.Debug|Any CPU.ActiveCfg = Debug|Any CPU
		{4825BC44-4586-EFB7-A77E-C6F9F9B10DB6}.Debug|Any CPU.Build.0 = Debug|Any CPU
		{4825BC44-4586-EFB7-A77E-C6F9F9B10DB6}.Release|Any CPU.ActiveCfg = Release|Any CPU
		{4825BC44-4586-EFB7-A77E-C6F9F9B10DB6}.Release|Any CPU.Build.0 = Release|Any CPU
		{03CF37DC-9198-05A8-AB56-609AC857E2EF}.Debug|Any CPU.ActiveCfg = Debug|Any CPU
		{03CF37DC-9198-05A8-AB56-609AC857E2EF}.Debug|Any CPU.Build.0 = Debug|Any CPU
		{03CF37DC-9198-05A8-AB56-609AC857E2EF}.Release|Any CPU.ActiveCfg = Release|Any CPU
		{03CF37DC-9198-05A8-AB56-609AC857E2EF}.Release|Any CPU.Build.0 = Release|Any CPU
		{26FE2800-34B5-2982-C960-81C32A1E2FE7}.Debug|Any CPU.ActiveCfg = Debug|Any CPU
		{26FE2800-34B5-2982-C960-81C32A1E2FE7}.Debug|Any CPU.Build.0 = Debug|Any CPU
		{26FE2800-34B5-2982-C960-81C32A1E2FE7}.Release|Any CPU.ActiveCfg = Release|Any CPU
		{26FE2800-34B5-2982-C960-81C32A1E2FE7}.Release|Any CPU.Build.0 = Release|Any CPU
		{21577605-241E-C4A9-9F97-FE445D901E51}.Debug|Any CPU.ActiveCfg = Debug|Any CPU
		{21577605-241E-C4A9-9F97-FE445D901E51}.Debug|Any CPU.Build.0 = Debug|Any CPU
		{21577605-241E-C4A9-9F97-FE445D901E51}.Release|Any CPU.ActiveCfg = Release|Any CPU
		{21577605-241E-C4A9-9F97-FE445D901E51}.Release|Any CPU.Build.0 = Release|Any CPU
		{0DF29F99-E9A4-557A-B279-D78C46AD6A16}.Debug|Any CPU.ActiveCfg = Debug|Any CPU
		{0DF29F99-E9A4-557A-B279-D78C46AD6A16}.Debug|Any CPU.Build.0 = Debug|Any CPU
		{0DF29F99-E9A4-557A-B279-D78C46AD6A16}.Release|Any CPU.ActiveCfg = Release|Any CPU
		{0DF29F99-E9A4-557A-B279-D78C46AD6A16}.Release|Any CPU.Build.0 = Release|Any CPU
		{34CE27BE-9F47-0FD1-8ED8-4EEE2988524D}.Debug|Any CPU.ActiveCfg = Debug|Any CPU
		{34CE27BE-9F47-0FD1-8ED8-4EEE2988524D}.Debug|Any CPU.Build.0 = Debug|Any CPU
		{34CE27BE-9F47-0FD1-8ED8-4EEE2988524D}.Release|Any CPU.ActiveCfg = Release|Any CPU
		{34CE27BE-9F47-0FD1-8ED8-4EEE2988524D}.Release|Any CPU.Build.0 = Release|Any CPU
		{38DFF8F6-6CAE-4962-91D3-A6B60898C074}.Debug|Any CPU.ActiveCfg = Debug|Any CPU
		{38DFF8F6-6CAE-4962-91D3-A6B60898C074}.Debug|Any CPU.Build.0 = Debug|Any CPU
		{38DFF8F6-6CAE-4962-91D3-A6B60898C074}.Release|Any CPU.ActiveCfg = Release|Any CPU
		{38DFF8F6-6CAE-4962-91D3-A6B60898C074}.Release|Any CPU.Build.0 = Release|Any CPU
	EndGlobalSection
	GlobalSection(SolutionProperties) = preSolution
		HideSolutionNode = FALSE
	EndGlobalSection
EndGlobal
